{
  "nodes": {
    "effekt": {
      "inputs": {
        "flake-utils": "flake-utils",
        "nixpkgs": "nixpkgs",
        "sbt-derivation": "sbt-derivation"
      },
      "locked": {
        "lastModified": 1751279146,
        "narHash": "sha256-RXZ9hOrA0DJCGuvRG3ljyIRUs8Rk42XqNQ2HGCvTbGc=",
        "owner": "MarcoTz",
        "repo": "effekt-nix",
        "rev": "c3065b1bee7576e2ba6bca516ccdc35247f68e59",
        "type": "github"
      },
      "original": {
        "owner": "MarcoTz",
        "repo": "effekt-nix",
        "type": "github"
      }
    },
    "flake-utils": {
      "inputs": {
        "systems": "systems"
      },
      "locked": {
        "lastModified": 1731533236,
        "narHash": "sha256-l0KFg5HjrsfsO/JpG+r7fRrqm12kzFHyUHqHCVpMMbI=",
        "owner": "numtide",
        "repo": "flake-utils",
        "rev": "11707dc2f618dd54ca8739b309ec4fc024de578b",
        "type": "github"
      },
      "original": {
        "owner": "numtide",
        "repo": "flake-utils",
        "type": "github"
      }
    },
    "nixpkgs": {
      "locked": {
        "lastModified": 1751180975,
        "narHash": "sha256-BKk4yDiXr4LdF80OTVqYJ53Q74rOcA/82EClXug8xsY=",
        "owner": "NixOS",
        "repo": "nixpkgs",
        "rev": "a48741b083d4f36dd79abd9f760c84da6b4dc0e5",
        "type": "github"
      },
      "original": {
        "owner": "NixOS",
        "ref": "nixpkgs-unstable",
        "repo": "nixpkgs",
        "type": "github"
      }
    },
    "nixpkgs_2": {
      "locked": {
        "lastModified": 1751786137,
        "narHash": "sha256-lIlUKVGCGsh0Q2EA7/6xRtKUZjaQ/ur8uUyY+MynHXQ=",
        "owner": "NixOS",
        "repo": "nixpkgs",
        "rev": "ceb24d94c6feaa4e8737a8e2bd3cf71c3a7eaaa0",
        "type": "github"
      },
      "original": {
        "owner": "NixOS",
        "ref": "nixpkgs-unstable",
        "repo": "nixpkgs",
        "type": "github"
      }
    },
    "nixpkgs_3": {
      "locked": {
        "lastModified": 1749776303,
        "narHash": "sha256-OHibOvVwKqO1qvRg0r3agtd1EagW4THBcoWT7QGgcNo=",
        "owner": "NixOS",
        "repo": "nixpkgs",
        "rev": "6e7721e37bf00fa7ea44ac3cfc9d2411284ec3ef",
        "type": "github"
      },
      "original": {
        "owner": "NixOS",
        "ref": "nixpkgs-unstable",
        "repo": "nixpkgs",
        "type": "github"
      }
    },
    "root": {
      "inputs": {
        "effekt": "effekt",
        "nixpkgs": "nixpkgs_2",
        "scc": "scc"
      }
    },
    "sbt-derivation": {
      "inputs": {
        "flake-utils": [
          "effekt",
          "flake-utils"
        ],
        "nixpkgs": [
          "effekt",
          "nixpkgs"
        ]
      },
      "locked": {
        "lastModified": 1698464090,
        "narHash": "sha256-Pnej7WZIPomYWg8f/CZ65sfW85IfIUjYhphMMg7/LT0=",
        "owner": "zaninime",
        "repo": "sbt-derivation",
        "rev": "6762cf2c31de50efd9ff905cbcc87239995a4ef9",
        "type": "github"
      },
      "original": {
        "owner": "zaninime",
        "repo": "sbt-derivation",
        "type": "github"
      }
    },
    "scc": {
      "inputs": {
        "nixpkgs": "nixpkgs_3"
      },
      "locked": {
        "lastModified": 1750850959,
        "narHash": "sha256-M4AK3TP4drYJFzBnlI+yhaNYR2hO/lNPXXh0OHyOi0Y=",
        "ref": "flake",
        "rev": "527a764d78d02e753e96d0108bf5c9c2c8368632",
        "revCount": 613,
        "type": "git",
        "url": "ssh://git@github.com/ps-tuebingen/sequent-calculus-compiler"
      },
      "original": {
        "ref": "flake",
        "type": "git",
        "url": "ssh://git@github.com/ps-tuebingen/sequent-calculus-compiler"
      }
    },
    "systems": {
      "locked": {
        "lastModified": 1681028828,
        "narHash": "sha256-Vy1rq5AaRuLzOxct8nz4T6wlgyUR7zLU309k9mBC768=",
        "owner": "nix-systems",
        "repo": "default",
        "rev": "da67096a3b9bf56a91d16901293e51ba5b49a27e",
        "type": "github"
      },
      "original": {
        "owner": "nix-systems",
        "repo": "default",
        "type": "github"
      }
    }
  },
  "root": "root",
  "version": 7
}
